
Microsoft Visual Studio Solution File, Format Version 12.00
# Visual Studio 2017
Project("{FAE04EC0-301F-11D3-BF4B-00C04F79EFBC}") = "TopDownShoooter.Plugins", "TopDownShoooter.Plugins.csproj", "{07ADA93C-EC64-8FA4-9BCC-0B3A709E7E82}"
EndProject
Project("{FAE04EC0-301F-11D3-BF4B-00C04F79EFBC}") = "TopDownShoooter", "TopDownShoooter.csproj", "{0141B0BC-04DE-45AB-B19D-C9038F0A1B90}"
EndProject
Project("{FAE04EC0-301F-11D3-BF4B-00C04F79EFBC}") = "TopDownShoooter.Editor.Plugins", "TopDownShoooter.Editor.Plugins.csproj", "{596797D9-6FE4-8BF8-290F-F50FA97E8537}"
EndProject
Global
	GlobalSection(SolutionConfigurationPlatforms) = preSolution
		Debug|Any CPU = Debug|Any CPU
		Release|Any CPU = Release|Any CPU
	EndGlobalSection
	GlobalSection(ProjectConfigurationPlatforms) = postSolution
		{07ADA93C-EC64-8FA4-9BCC-0B3A709E7E82}.Debug|Any CPU.ActiveCfg = Debug|Any CPU
		{07ADA93C-EC64-8FA4-9BCC-0B3A709E7E82}.Debug|Any CPU.Build.0 = Debug|Any CPU
		{07ADA93C-EC64-8FA4-9BCC-0B3A709E7E82}.Release|Any CPU.ActiveCfg = Release|Any CPU
		{07ADA93C-EC64-8FA4-9BCC-0B3A709E7E82}.Release|Any CPU.Build.0 = Release|Any CPU
		{0141B0BC-04DE-45AB-B19D-C9038F0A1B90}.Debug|Any CPU.ActiveCfg = Debug|Any CPU
		{0141B0BC-04DE-45AB-B19D-C9038F0A1B90}.Debug|Any CPU.Build.0 = Debug|Any CPU
		{0141B0BC-04DE-45AB-B19D-C9038F0A1B90}.Release|Any CPU.ActiveCfg = Release|Any CPU
		{0141B0BC-04DE-45AB-B19D-C9038F0A1B90}.Release|Any CPU.Build.0 = Release|Any CPU
		{596797D9-6FE4-8BF8-290F-F50FA97E8537}.Debug|Any CPU.ActiveCfg = Debug|Any CPU
		{596797D9-6FE4-8BF8-290F-F50FA97E8537}.Debug|Any CPU.Build.0 = Debug|Any CPU
		{596797D9-6FE4-8BF8-290F-F50FA97E8537}.Release|Any CPU.ActiveCfg = Release|Any CPU
		{596797D9-6FE4-8BF8-290F-F50FA97E8537}.Release|Any CPU.Build.0 = Release|Any CPU
	EndGlobalSection
	GlobalSection(SolutionProperties) = preSolution
		HideSolutionNode = FALSE
	EndGlobalSection
EndGlobal
